<?xml version="1.0" encoding="UTF-8" standalone="yes" ?>
<CodeBlocks_project_file>
	<FileVersion major="1" minor="6" />
	<Project>
		<Option title="Davinciwars" />
		<Option compiler="gcc" />
		<Build>
			<Target title="Release">
				<Option output="bin/Release/davinciwars" prefix_auto="1" extension_auto="1" />
				<Option working_dir="bin/Release" />
				<Option object_output="obj/Release/" />
				<Option type="1" />
				<Option compiler="gcc" />
				<Compiler>
					<Add option="-Wall" />
					<Add option="-pg" />
					<Add option="-g" />
					<Add option="`pkg-config --cflags MYGUI`" />
					<Add option="-g2" />
					<Add directory="include" />
					<Add directory="include/engine" />
					<Add directory="include/util" />
					<Add directory="include/sound" />
					<Add directory="include/chat" />
					<Add directory="include/BattleStage/control" />
					<Add directory="include/BattleStage/entity" />
					<Add directory="include/BattleStage/view" />
					<Add directory="include/LobbyStage/chat" />
					<Add directory="include/LobbyStage/control" />
					<Add directory="include/LobbyStage/entity" />
					<Add directory="include/LobbyStage/view" />
					<Add directory="include/LoginStage/control" />
					<Add directory="include/LoginStage/entity" />
					<Add directory="include/LoginStage/view" />
				</Compiler>
				<Linker>
					<Add option="-pg" />
					<Add option="`pkg-config --libs MYGUI`" />
					<Add library="OgreMain" />
					<Add library="OIS" />
					<Add library="MyGUI.OgrePlatform" />
					<Add library="gcrypt" />
					<Add library="boost_thread" />
					<Add library="vorbis" />
					<Add library="openal" />
					<Add library="vorbisfile" />
					<Add library="alut" />
					<Add library="vorbisenc" />
					<Add library="boost_system" />
					<Add library="OgreTerrain" />
				</Linker>
			</Target>
		</Build>
		<Compiler>
			<Add option="-Wall" />
			<Add option="-pg" />
			<Add option="-g" />
			<Add option="`pkg-config --cflags libxml-2.0`" />
			<Add directory="src" />
			<Add directory="/usr/include/OGRE" />
		</Compiler>
		<Linker>
			<Add option="-pg" />
			<Add library="xml2" />
			<Add directory="/usr/lib/OGRE" />
		</Linker>
		<Unit filename="include/BattleStage/control/Action.h" />
		<Unit filename="include/BattleStage/control/ActionFactory.h" />
		<Unit filename="include/BattleStage/control/BuildingManager.h" />
		<Unit filename="include/BattleStage/control/CreateAction.h" />
		<Unit filename="include/BattleStage/control/CreationListener.h" />
		<Unit filename="include/BattleStage/control/GameManager.h" />
		<Unit filename="include/BattleStage/control/GoldAction.h" />
		<Unit filename="include/BattleStage/control/MainScene.h" />
		<Unit filename="include/BattleStage/control/MoveAction.h" />
		<Unit filename="include/BattleStage/control/NatureAction.h" />
		<Unit filename="include/BattleStage/control/RTSCameraManager.h" />
		<Unit filename="include/BattleStage/control/SelectionManager.h" />
		<Unit filename="include/BattleStage/control/SquadBuilder.h" />
		<Unit filename="include/BattleStage/control/SquadManager.h" />
		<Unit filename="include/BattleStage/control/WorkShopManager.h" />
		<Unit filename="include/BattleStage/entity/Building.h" />
		<Unit filename="include/BattleStage/entity/Game.h" />
		<Unit filename="include/BattleStage/entity/GameObject.h" />
		<Unit filename="include/BattleStage/entity/GameStaticObjectBatch.h" />
		<Unit filename="include/BattleStage/entity/Indicator.h" />
		<Unit filename="include/BattleStage/entity/Squad.h" />
		<Unit filename="include/BattleStage/entity/Unit.h" />
		<Unit filename="include/BattleStage/entity/WorkShop.h" />
		<Unit filename="include/BattleStage/view/BattleView.h" />
		<Unit filename="include/BattleStage/view/BuildingView.h" />
		<Unit filename="include/BattleStage/view/WorkShopView.h" />
		<Unit filename="include/LobbyStage/chat/ChatControl.h" />
		<Unit filename="include/LobbyStage/chat/ChatView.h" />
		<Unit filename="include/LobbyStage/view/LobbyView.h" />
		<Unit filename="include/LoginStage/control/LoginSceneManager.h" />
		<Unit filename="include/LoginStage/view/LoginView.h" />
		<Unit filename="include/engine/Client.h" />
		<Unit filename="include/engine/ClientListener.h" />
		<Unit filename="include/engine/GUI.h" />
		<Unit filename="include/engine/InputSystem.h" />
		<Unit filename="include/engine/KeyboardListener.h" />
		<Unit filename="include/engine/MainApplication.h" />
		<Unit filename="include/engine/RenderBox.h" />
		<Unit filename="include/engine/Scene.h" />
		<Unit filename="include/engine/SceneSequencer.h" />
		<Unit filename="include/engine/SelectionListener.h" />
		<Unit filename="include/sound/GameSound.h" />
		<Unit filename="include/sound/GameSoundListener.h" />
		<Unit filename="include/sound/SoundManager.h" />
		<Unit filename="include/util/ConfigReader.h" />
		<Unit filename="include/util/Cripto.h" />
		<Unit filename="include/util/DaVinciGlobals.h" />
		<Unit filename="include/util/Thread.h" />
		<Unit filename="src/BattleStage/control/ActionFactory.cpp" />
		<Unit filename="src/BattleStage/control/BuildingManager.cpp" />
		<Unit filename="src/BattleStage/control/CreateAction.cpp" />
		<Unit filename="src/BattleStage/control/GameManager.cpp" />
		<Unit filename="src/BattleStage/control/GoldAction.cpp" />
		<Unit filename="src/BattleStage/control/MoveAction.cpp" />
		<Unit filename="src/BattleStage/control/NatureAction.cpp" />
		<Unit filename="src/BattleStage/control/RTSCameraManager.cpp" />
		<Unit filename="src/BattleStage/control/SelectionManager.cpp" />
		<Unit filename="src/BattleStage/control/SquadBuilder.cpp" />
		<Unit filename="src/BattleStage/control/SquadManager.cpp" />
		<Unit filename="src/BattleStage/control/WorkShopManager.cpp" />
		<Unit filename="src/BattleStage/entity/Building.cpp" />
		<Unit filename="src/BattleStage/entity/Game.cpp" />
		<Unit filename="src/BattleStage/entity/GameObject.cpp" />
		<Unit filename="src/BattleStage/entity/GameStaticObjectBatch.cpp" />
		<Unit filename="src/BattleStage/entity/Indicator.cpp" />
		<Unit filename="src/BattleStage/entity/MainScene.cpp" />
		<Unit filename="src/BattleStage/entity/Squad.cpp" />
		<Unit filename="src/BattleStage/entity/Unit.cpp" />
		<Unit filename="src/BattleStage/entity/WorkShop.cpp" />
		<Unit filename="src/BattleStage/view/BattleView.cpp" />
		<Unit filename="src/BattleStage/view/BuildingView.cpp" />
		<Unit filename="src/BattleStage/view/WorkShopView.cpp" />
		<Unit filename="src/LobbyStage/chat/ChatControl.cpp" />
		<Unit filename="src/LobbyStage/chat/ChatView.cpp" />
		<Unit filename="src/LobbyStage/view/LobbyView.cpp" />
		<Unit filename="src/LoginStage/control/LoginSceneManager.cpp" />
		<Unit filename="src/LoginStage/view/LoginView.cpp" />
		<Unit filename="src/engine/Client.cpp" />
		<Unit filename="src/engine/GUI.cpp" />
		<Unit filename="src/engine/InputSystem.cpp" />
		<Unit filename="src/engine/Main.cpp" />
		<Unit filename="src/engine/MainApplication.cpp" />
		<Unit filename="src/engine/Scene.cpp" />
		<Unit filename="src/engine/SceneSequencer.cpp" />
		<Unit filename="src/sound/GameSound.cpp" />
		<Unit filename="src/util/ConfigReader.cpp" />
		<Unit filename="src/util/Cripto.cpp" />
		<Unit filename="src/util/Thread.cpp" />
		<Extensions>
			<code_completion />
			<debugger />
			<envvars />
		</Extensions>
	</Project>
</CodeBlocks_project_file>
